{
  "nodes": {
    "flake-compat": {
      "flake": false,
      "locked": {
        "lastModified": 1650374568,
        "narHash": "sha256-Z+s0J8/r907g149rllvwhb4pKi8Wam5ij0st8PwAh+E=",
        "owner": "edolstra",
        "repo": "flake-compat",
        "rev": "b4a34015c698c7793d592d66adbab377907a2be8",
        "type": "github"
      },
      "original": {
        "owner": "edolstra",
        "repo": "flake-compat",
        "type": "github"
      }
    },
    "flake-utils": {
      "locked": {
        "lastModified": 1659877975,
        "narHash": "sha256-zllb8aq3YO3h8B/U0/J1WBgAL8EX5yWf5pMj3G0NAmc=",
        "owner": "numtide",
        "repo": "flake-utils",
        "rev": "c0e246b9b83f637f4681389ecabcb2681b4f3af0",
        "type": "github"
      },
      "original": {
        "owner": "numtide",
        "repo": "flake-utils",
        "type": "github"
      }
    },
    "home-manager": {
      "inputs": {
        "nixpkgs": [
          "nixpkgs"
        ],
        "utils": [
          "flake-utils"
        ]
      },
      "locked": {
        "lastModified": 1665654744,
        "narHash": "sha256-SMu4OghfRN2I9MoxJJ0oclHBZHp7DFJS5/CRsmpGY60=",
        "owner": "nix-community",
        "repo": "home-manager",
        "rev": "618ab0f882167361108475a9f1404fb4c638b73d",
        "type": "github"
      },
      "original": {
        "owner": "nix-community",
        "ref": "master",
        "repo": "home-manager",
        "type": "github"
      }
    },
    "impermanence": {
      "locked": {
        "lastModified": 1661933071,
        "narHash": "sha256-RFgfzldpbCvS+H2qwH+EvNejvqs+NhPVD5j1I7HQQPY=",
        "owner": "nix-community",
        "repo": "impermanence",
        "rev": "def994adbdfc28974e87b0e4c949e776207d5557",
        "type": "github"
      },
      "original": {
        "owner": "nix-community",
        "ref": "master",
        "repo": "impermanence",
        "type": "github"
      }
    },
    "nix-matlab": {
      "inputs": {
        "flake-compat": "flake-compat",
        "nixpkgs": [
          "nixpkgs"
        ]
      },
      "locked": {
        "lastModified": 1665586960,
        "narHash": "sha256-4Y3V4sL03/3gDF5DGQjMI+PIPLI1GGYj0x52tBTW0Co=",
        "owner": "doronbehar",
        "repo": "nix-matlab",
        "rev": "07a2538cc7ad5ff68a33a4c8559dc1606c0deba8",
        "type": "gitlab"
      },
      "original": {
        "owner": "doronbehar",
        "repo": "nix-matlab",
        "type": "gitlab"
      }
    },
    "nixos-hardware": {
      "locked": {
        "lastModified": 1665649208,
        "narHash": "sha256-MDkPVG4W8gigJ8OxWDp9L6aKaEwLRV3As1RvKkMq0rc=",
        "owner": "NixOS",
        "repo": "nixos-hardware",
        "rev": "d92ed98c099ae731664fc526c348d609c4cffe04",
        "type": "github"
      },
      "original": {
        "owner": "NixOS",
        "repo": "nixos-hardware",
        "type": "github"
      }
    },
    "nixpkgs": {
      "locked": {
        "lastModified": 1665449268,
        "narHash": "sha256-cw4xrQIAZUyJGj58Dp5VLICI0rscd+uap83afiFzlcA=",
        "owner": "NixOS",
        "repo": "nixpkgs",
        "rev": "285e77efe87df64105ec14b204de6636fb0a7a27",
        "type": "github"
      },
      "original": {
        "owner": "NixOS",
        "ref": "nixos-unstable",
        "repo": "nixpkgs",
        "type": "github"
      }
    },
    "nixpkgs-22_05": {
      "locked": {
        "lastModified": 1665279158,
        "narHash": "sha256-TpbWNzoJ5RaZ302dzvjY2o//WxtOJuYT3CnDj5N69Hs=",
        "owner": "NixOS",
        "repo": "nixpkgs",
        "rev": "b3783bcfb8ec54e0de26feccfc6cc36b8e202ed5",
        "type": "github"
      },
      "original": {
        "owner": "NixOS",
        "ref": "release-22.05",
        "repo": "nixpkgs",
        "type": "github"
      }
    },
    "nixpkgs-unfree": {
      "inputs": {
        "nixpkgs": [
          "nixpkgs"
        ]
      },
      "locked": {
        "lastModified": 1665584932,
        "narHash": "sha256-5UFqO+0V/OtCpIVyMLjY/G+dgc6juq6GjNkCzUDCCjQ=",
        "owner": "numtide",
        "repo": "nixpkgs-unfree",
        "rev": "0d8b0d98f9389ba8022eeef952455300fcd74ef8",
        "type": "github"
      },
      "original": {
        "owner": "numtide",
        "ref": "nixos-unstable",
        "repo": "nixpkgs-unfree",
        "type": "github"
      }
    },
    "nur": {
      "locked": {
        "lastModified": 1665654948,
        "narHash": "sha256-nOnPrykWOZeaNtgtE1zLx8DCqBNT7T0eTnbPLCv2AW8=",
        "owner": "nix-community",
        "repo": "NUR",
        "rev": "cfb0f966307df793616baee2d58ef5dfc85a0a2b",
        "type": "github"
      },
      "original": {
        "owner": "nix-community",
        "ref": "master",
        "repo": "NUR",
        "type": "github"
      }
    },
    "root": {
      "inputs": {
        "flake-utils": "flake-utils",
        "home-manager": "home-manager",
        "impermanence": "impermanence",
        "nix-matlab": "nix-matlab",
        "nixos-hardware": "nixos-hardware",
        "nixpkgs": "nixpkgs",
        "nixpkgs-unfree": "nixpkgs-unfree",
        "nur": "nur",
        "sops-nix": "sops-nix"
      }
    },
    "sops-nix": {
      "inputs": {
        "nixpkgs": [
          "nixpkgs"
        ],
        "nixpkgs-22_05": "nixpkgs-22_05"
      },
      "locked": {
        "lastModified": 1665289655,
        "narHash": "sha256-j1Q9mNBhbzeJykhObiXwEGres9qvP4vH7gxdJ+ihkLI=",
        "owner": "Mic92",
        "repo": "sops-nix",
        "rev": "0ce0449e6404c4ff9d1b7bd657794ae5ca54deb3",
        "type": "github"
      },
      "original": {
        "owner": "Mic92",
        "repo": "sops-nix",
        "type": "github"
      }
    }
  },
  "root": "root",
  "version": 7
}
